
Microsoft Visual Studio Solution File, Format Version 12.00
# Visual Studio Version 17
VisualStudioVersion = 17.11.35431.28
MinimumVisualStudioVersion = 10.0.40219.1
Project("{FAE04EC0-301F-11D3-BF4B-00C04F79EFBC}") = "OnairConv1", "OnairConv1\OnairConv1.csproj", "{57821A29-E0FC-4B6E-8A25-B26FF4B7B6E2}"
EndProject
Global
	GlobalSection(SolutionConfigurationPlatforms) = preSolution
		Debug|Any CPU = Debug|Any CPU
		Release|Any CPU = Release|Any CPU
	EndGlobalSection
	GlobalSection(ProjectConfigurationPlatforms) = postSolution
		{57821A29-E0FC-4B6E-8A25-B26FF4B7B6E2}.Debug|Any CPU.ActiveCfg = Debug|Any CPU
		{57821A29-E0FC-4B6E-8A25-B26FF4B7B6E2}.Debug|Any CPU.Build.0 = Debug|Any CPU
		{57821A29-E0FC-4B6E-8A25-B26FF4B7B6E2}.Release|Any CPU.ActiveCfg = Release|Any CPU
		{57821A29-E0FC-4B6E-8A25-B26FF4B7B6E2}.Release|Any CPU.Build.0 = Release|Any CPU
	EndGlobalSection
	GlobalSection(SolutionProperties) = preSolution
		HideSolutionNode = FALSE
	EndGlobalSection
	GlobalSection(ExtensibilityGlobals) = postSolution
		SolutionGuid = {F78AEAA6-7190-429F-8347-3FE69DAB7613}
	EndGlobalSection
EndGlobal
